version: 1.0
shards:
  db:
    github: crystal-lang/crystal-db
    version: 0.4.2

  kemal:
    github: kemalcr/kemal
    commit: 0b4856b7417592743a27fc3e30867fd141395bf6

  kemal-session:
    github: kemalcr/kemal-session
    commit: bbef25f36fe6505d3221de9952f94a1023225b85

  kilt:
    github: jeromegn/kilt
    version: 0.3.3

  mysql:
    github: at-grandpa/crystal-mysql
    commit: bb2c33ad6dcf4c54ea925a17654f16f6bb9858c3

  radix:
    github: luislavena/radix
    version: 0.3.8

